
Microsoft Visual Studio Solution File, Format Version 12.00
# Visual Studio Version 16
VisualStudioVersion = 16.0.31105.61
MinimumVisualStudioVersion = 10.0.40219.1
Project("{FAE04EC0-301F-11D3-BF4B-00C04F79EFBC}") = "PlusOnPlus", "PlusOnPlus\PlusOnPlus.csproj", "{87B135BA-E5C1-4C68-9CC8-0A9CC1D1E6F2}"
EndProject
Global
	GlobalSection(SolutionConfigurationPlatforms) = preSolution
		Debug|Any CPU = Debug|Any CPU
		Release|Any CPU = Release|Any CPU
	EndGlobalSection
	GlobalSection(ProjectConfigurationPlatforms) = postSolution
		{87B135BA-E5C1-4C68-9CC8-0A9CC1D1E6F2}.Debug|Any CPU.ActiveCfg = Debug|Any CPU
		{87B135BA-E5C1-4C68-9CC8-0A9CC1D1E6F2}.Debug|Any CPU.Build.0 = Debug|Any CPU
		{87B135BA-E5C1-4C68-9CC8-0A9CC1D1E6F2}.Release|Any CPU.ActiveCfg = Release|Any CPU
		{87B135BA-E5C1-4C68-9CC8-0A9CC1D1E6F2}.Release|Any CPU.Build.0 = Release|Any CPU
	EndGlobalSection
	GlobalSection(SolutionProperties) = preSolution
		HideSolutionNode = FALSE
	EndGlobalSection
	GlobalSection(ExtensibilityGlobals) = postSolution
		SolutionGuid = {D6D27B52-99F5-48E7-A8BC-58038A62964B}
	EndGlobalSection
EndGlobal
